
Microsoft Visual Studio Solution File, Format Version 12.00
# Visual Studio Version 17
VisualStudioVersion = 17.9.34714.143
MinimumVisualStudioVersion = 10.0.40219.1
Project("{9A19103F-16F7-4668-BE54-9A1E7A4F7556}") = "EmployeeDirectory.Data", "EmployeeDirectory.Data\EmployeeDirectory.Data.csproj", "{D2672AAC-40B7-4A96-B565-A9480E1F7321}"
EndProject
Project("{9A19103F-16F7-4668-BE54-9A1E7A4F7556}") = "EmployeeDirectory.Services", "EmployeeDirectory.Services\EmployeeDirectory.Services.csproj", "{53EDF269-7200-45F5-B430-9F57934F82F8}"
EndProject
Project("{9A19103F-16F7-4668-BE54-9A1E7A4F7556}") = "EmployeeDirectory.Models", "EmployeeDirectory.Models\EmployeeDirectory.Models.csproj", "{7DB4597C-5B00-48A4-92A7-E712E009470F}"
EndProject
Project("{9A19103F-16F7-4668-BE54-9A1E7A4F7556}") = "EmployeeDirectory.UI", "EmployeeDirectory.UI\EmployeeDirectory.UI.csproj", "{43F926B2-5A8F-4225-842B-1A083ACB4561}"
EndProject
Project("{9A19103F-16F7-4668-BE54-9A1E7A4F7556}") = "EmployeeDirectory.Controller", "EmployeeDirectory.Controller\EmployeeDirectory.Controller.csproj", "{4F2BEF83-0F5B-4ACD-BE2F-84C250790784}"
EndProject
Global
	GlobalSection(SolutionConfigurationPlatforms) = preSolution
		Debug|Any CPU = Debug|Any CPU
		Release|Any CPU = Release|Any CPU
	EndGlobalSection
	GlobalSection(ProjectConfigurationPlatforms) = postSolution
		{D2672AAC-40B7-4A96-B565-A9480E1F7321}.Debug|Any CPU.ActiveCfg = Debug|Any CPU
		{D2672AAC-40B7-4A96-B565-A9480E1F7321}.Debug|Any CPU.Build.0 = Debug|Any CPU
		{D2672AAC-40B7-4A96-B565-A9480E1F7321}.Release|Any CPU.ActiveCfg = Release|Any CPU
		{D2672AAC-40B7-4A96-B565-A9480E1F7321}.Release|Any CPU.Build.0 = Release|Any CPU
		{53EDF269-7200-45F5-B430-9F57934F82F8}.Debug|Any CPU.ActiveCfg = Debug|Any CPU
		{53EDF269-7200-45F5-B430-9F57934F82F8}.Debug|Any CPU.Build.0 = Debug|Any CPU
		{53EDF269-7200-45F5-B430-9F57934F82F8}.Release|Any CPU.ActiveCfg = Release|Any CPU
		{53EDF269-7200-45F5-B430-9F57934F82F8}.Release|Any CPU.Build.0 = Release|Any CPU
		{7DB4597C-5B00-48A4-92A7-E712E009470F}.Debug|Any CPU.ActiveCfg = Debug|Any CPU
		{7DB4597C-5B00-48A4-92A7-E712E009470F}.Debug|Any CPU.Build.0 = Debug|Any CPU
		{7DB4597C-5B00-48A4-92A7-E712E009470F}.Release|Any CPU.ActiveCfg = Release|Any CPU
		{7DB4597C-5B00-48A4-92A7-E712E009470F}.Release|Any CPU.Build.0 = Release|Any CPU
		{43F926B2-5A8F-4225-842B-1A083ACB4561}.Debug|Any CPU.ActiveCfg = Debug|Any CPU
		{43F926B2-5A8F-4225-842B-1A083ACB4561}.Debug|Any CPU.Build.0 = Debug|Any CPU
		{43F926B2-5A8F-4225-842B-1A083ACB4561}.Release|Any CPU.ActiveCfg = Release|Any CPU
		{43F926B2-5A8F-4225-842B-1A083ACB4561}.Release|Any CPU.Build.0 = Release|Any CPU
		{4F2BEF83-0F5B-4ACD-BE2F-84C250790784}.Debug|Any CPU.ActiveCfg = Debug|Any CPU
		{4F2BEF83-0F5B-4ACD-BE2F-84C250790784}.Debug|Any CPU.Build.0 = Debug|Any CPU
		{4F2BEF83-0F5B-4ACD-BE2F-84C250790784}.Release|Any CPU.ActiveCfg = Release|Any CPU
		{4F2BEF83-0F5B-4ACD-BE2F-84C250790784}.Release|Any CPU.Build.0 = Release|Any CPU
	EndGlobalSection
	GlobalSection(SolutionProperties) = preSolution
		HideSolutionNode = FALSE
	EndGlobalSection
	GlobalSection(ExtensibilityGlobals) = postSolution
		SolutionGuid = {37F17023-02F3-4B42-A9C1-B8EACAFF96CB}
	EndGlobalSection
EndGlobal
